
Microsoft Visual Studio Solution File, Format Version 12.00
# Visual Studio Version 17
VisualStudioVersion = 17.5.002.0
MinimumVisualStudioVersion = 10.0.40219.1
Project("{9A19103F-16F7-4668-BE54-9A1E7A4F7556}") = "webApi", "webApi.csproj", "{03BF7BA4-9BD4-4B4A-BC82-F01A28DA290B}"
EndProject
Global
	GlobalSection(SolutionConfigurationPlatforms) = preSolution
		Debug|Any CPU = Debug|Any CPU
		Release|Any CPU = Release|Any CPU
	EndGlobalSection
	GlobalSection(ProjectConfigurationPlatforms) = postSolution
		{03BF7BA4-9BD4-4B4A-BC82-F01A28DA290B}.Debug|Any CPU.ActiveCfg = Debug|Any CPU
		{03BF7BA4-9BD4-4B4A-BC82-F01A28DA290B}.Debug|Any CPU.Build.0 = Debug|Any CPU
		{03BF7BA4-9BD4-4B4A-BC82-F01A28DA290B}.Release|Any CPU.ActiveCfg = Release|Any CPU
		{03BF7BA4-9BD4-4B4A-BC82-F01A28DA290B}.Release|Any CPU.Build.0 = Release|Any CPU
	EndGlobalSection
	GlobalSection(SolutionProperties) = preSolution
		HideSolutionNode = FALSE
	EndGlobalSection
	GlobalSection(ExtensibilityGlobals) = postSolution
		SolutionGuid = {17B3A7E2-6B5B-41E0-94A1-32D64FAF793B}
	EndGlobalSection
EndGlobal
